
Microsoft Visual Studio Solution File, Format Version 12.00
# Visual Studio Version 16
VisualStudioVersion = 16.0.29911.84
MinimumVisualStudioVersion = 10.0.40219.1
Project("{FAE04EC0-301F-11D3-BF4B-00C04F79EFBC}") = "PoGoRaidsPresentationalLayer", "PoGoRaidsPresentationalLayer.csproj", "{6516EB2C-5792-4D89-9176-4C5A5336ACAD}"
EndProject
Global
	GlobalSection(SolutionConfigurationPlatforms) = preSolution
		Debug|Any CPU = Debug|Any CPU
		Release|Any CPU = Release|Any CPU
	EndGlobalSection
	GlobalSection(ProjectConfigurationPlatforms) = postSolution
		{6516EB2C-5792-4D89-9176-4C5A5336ACAD}.Debug|Any CPU.ActiveCfg = Debug|Any CPU
		{6516EB2C-5792-4D89-9176-4C5A5336ACAD}.Debug|Any CPU.Build.0 = Debug|Any CPU
		{6516EB2C-5792-4D89-9176-4C5A5336ACAD}.Release|Any CPU.ActiveCfg = Release|Any CPU
		{6516EB2C-5792-4D89-9176-4C5A5336ACAD}.Release|Any CPU.Build.0 = Release|Any CPU
	EndGlobalSection
	GlobalSection(SolutionProperties) = preSolution
		HideSolutionNode = FALSE
	EndGlobalSection
	GlobalSection(ExtensibilityGlobals) = postSolution
		SolutionGuid = {D712B501-96A5-4743-B475-B25152EE94B5}
	EndGlobalSection
EndGlobal
